
Microsoft Visual Studio Solution File, Format Version 12.00
# Visual Studio Version 16
VisualStudioVersion = 16.0.30011.22
MinimumVisualStudioVersion = 10.0.40219.1
Project("{9A19103F-16F7-4668-BE54-9A1E7A4F7556}") = "FE.W", "FE.W\FE.W.csproj", "{9E9CE1C3-09C5-46FC-B1B6-309C3A46650B}"
EndProject
Project("{9A19103F-16F7-4668-BE54-9A1E7A4F7556}") = "FE", "FE\FE.csproj", "{09134788-B4C5-4275-BEBD-C47AB71726A1}"
EndProject
Project("{FAE04EC0-301F-11D3-BF4B-00C04F79EFBC}") = "FE.Identity", "FE.Identity\FE.Identity.csproj", "{2BE03BA3-B8F3-4692-BE93-6353BECE0182}"
EndProject
Global
	GlobalSection(SolutionConfigurationPlatforms) = preSolution
		Debug|Any CPU = Debug|Any CPU
		Release|Any CPU = Release|Any CPU
	EndGlobalSection
	GlobalSection(ProjectConfigurationPlatforms) = postSolution
		{9E9CE1C3-09C5-46FC-B1B6-309C3A46650B}.Debug|Any CPU.ActiveCfg = Debug|Any CPU
		{9E9CE1C3-09C5-46FC-B1B6-309C3A46650B}.Debug|Any CPU.Build.0 = Debug|Any CPU
		{9E9CE1C3-09C5-46FC-B1B6-309C3A46650B}.Release|Any CPU.ActiveCfg = Release|Any CPU
		{9E9CE1C3-09C5-46FC-B1B6-309C3A46650B}.Release|Any CPU.Build.0 = Release|Any CPU
		{09134788-B4C5-4275-BEBD-C47AB71726A1}.Debug|Any CPU.ActiveCfg = Debug|Any CPU
		{09134788-B4C5-4275-BEBD-C47AB71726A1}.Debug|Any CPU.Build.0 = Debug|Any CPU
		{09134788-B4C5-4275-BEBD-C47AB71726A1}.Release|Any CPU.ActiveCfg = Release|Any CPU
		{09134788-B4C5-4275-BEBD-C47AB71726A1}.Release|Any CPU.Build.0 = Release|Any CPU
		{2BE03BA3-B8F3-4692-BE93-6353BECE0182}.Debug|Any CPU.ActiveCfg = Debug|Any CPU
		{2BE03BA3-B8F3-4692-BE93-6353BECE0182}.Debug|Any CPU.Build.0 = Debug|Any CPU
		{2BE03BA3-B8F3-4692-BE93-6353BECE0182}.Release|Any CPU.ActiveCfg = Release|Any CPU
		{2BE03BA3-B8F3-4692-BE93-6353BECE0182}.Release|Any CPU.Build.0 = Release|Any CPU
	EndGlobalSection
	GlobalSection(SolutionProperties) = preSolution
		HideSolutionNode = FALSE
	EndGlobalSection
	GlobalSection(ExtensibilityGlobals) = postSolution
		SolutionGuid = {767A20BE-60B7-4EB5-B422-9580198D78EF}
	EndGlobalSection
EndGlobal
